
Microsoft Visual Studio Solution File, Format Version 12.00
Project("{FAE04EC0-301F-11D3-BF4B-00C04F79EFBC}") = "ServerTest", "ServerTest.csproj", "{126C8D2C-B8EB-4970-8EC4-9AD6E32550BB}"
EndProject
Project("{2150E333-8FDC-42A3-9474-1A3956D46DE8}") = "Solution Items", "Solution Items", "{05BDC40D-D6E0-4685-945C-99700ECA672D}"
	ProjectSection(SolutionItems) = preProject
		docker-compose.yml = docker-compose.yml
	EndProjectSection
EndProject
Global
	GlobalSection(SolutionConfigurationPlatforms) = preSolution
		Debug|Any CPU = Debug|Any CPU
		Release|Any CPU = Release|Any CPU
	EndGlobalSection
	GlobalSection(ProjectConfigurationPlatforms) = postSolution
		{126C8D2C-B8EB-4970-8EC4-9AD6E32550BB}.Debug|Any CPU.ActiveCfg = Debug|Any CPU
		{126C8D2C-B8EB-4970-8EC4-9AD6E32550BB}.Debug|Any CPU.Build.0 = Debug|Any CPU
		{126C8D2C-B8EB-4970-8EC4-9AD6E32550BB}.Release|Any CPU.ActiveCfg = Release|Any CPU
		{126C8D2C-B8EB-4970-8EC4-9AD6E32550BB}.Release|Any CPU.Build.0 = Release|Any CPU
	EndGlobalSection
EndGlobal
